
Microsoft Visual Studio Solution File, Format Version 12.00
# Visual Studio 14
VisualStudioVersion = 14.0.23107.0
MinimumVisualStudioVersion = 10.0.40219.1
Project("{FAE04EC0-301F-11D3-BF4B-00C04F79EFBC}") = "HomeAutomation.Web", "HomeAutomation.Web\HomeAutomation.Web.csproj", "{8271A03E-D902-4B04-AD00-B29AFB89E91E}"
EndProject
Project("{FAE04EC0-301F-11D3-BF4B-00C04F79EFBC}") = "HomeAutomation.Web.Tests", "HomeAutomation.Web.Tests\HomeAutomation.Web.Tests.csproj", "{D6CBC48E-4C11-4902-AFBB-1C2B0BDA611D}"
EndProject
Project("{FAE04EC0-301F-11D3-BF4B-00C04F79EFBC}") = "HomeAutomation.BusinessServices", "HomeAutomation.Library\HomeAutomation.BusinessServices.csproj", "{CB6F8EEB-97D6-400E-B987-76AC7621E031}"
EndProject
Project("{FAE04EC0-301F-11D3-BF4B-00C04F79EFBC}") = "HomeAutomation.DAL", "HomeAutomation.DAL\HomeAutomation.DAL.csproj", "{2A9A8778-D96B-429F-8D08-EEAD81CC2BD3}"
EndProject
Global
	GlobalSection(SolutionConfigurationPlatforms) = preSolution
		Debug|Any CPU = Debug|Any CPU
		Release|Any CPU = Release|Any CPU
	EndGlobalSection
	GlobalSection(ProjectConfigurationPlatforms) = postSolution
		{8271A03E-D902-4B04-AD00-B29AFB89E91E}.Debug|Any CPU.ActiveCfg = Debug|Any CPU
		{8271A03E-D902-4B04-AD00-B29AFB89E91E}.Debug|Any CPU.Build.0 = Debug|Any CPU
		{8271A03E-D902-4B04-AD00-B29AFB89E91E}.Release|Any CPU.ActiveCfg = Release|Any CPU
		{8271A03E-D902-4B04-AD00-B29AFB89E91E}.Release|Any CPU.Build.0 = Release|Any CPU
		{D6CBC48E-4C11-4902-AFBB-1C2B0BDA611D}.Debug|Any CPU.ActiveCfg = Debug|Any CPU
		{D6CBC48E-4C11-4902-AFBB-1C2B0BDA611D}.Debug|Any CPU.Build.0 = Debug|Any CPU
		{D6CBC48E-4C11-4902-AFBB-1C2B0BDA611D}.Release|Any CPU.ActiveCfg = Release|Any CPU
		{D6CBC48E-4C11-4902-AFBB-1C2B0BDA611D}.Release|Any CPU.Build.0 = Release|Any CPU
		{CB6F8EEB-97D6-400E-B987-76AC7621E031}.Debug|Any CPU.ActiveCfg = Debug|Any CPU
		{CB6F8EEB-97D6-400E-B987-76AC7621E031}.Debug|Any CPU.Build.0 = Debug|Any CPU
		{CB6F8EEB-97D6-400E-B987-76AC7621E031}.Release|Any CPU.ActiveCfg = Release|Any CPU
		{CB6F8EEB-97D6-400E-B987-76AC7621E031}.Release|Any CPU.Build.0 = Release|Any CPU
		{2A9A8778-D96B-429F-8D08-EEAD81CC2BD3}.Debug|Any CPU.ActiveCfg = Debug|Any CPU
		{2A9A8778-D96B-429F-8D08-EEAD81CC2BD3}.Debug|Any CPU.Build.0 = Debug|Any CPU
		{2A9A8778-D96B-429F-8D08-EEAD81CC2BD3}.Release|Any CPU.ActiveCfg = Release|Any CPU
		{2A9A8778-D96B-429F-8D08-EEAD81CC2BD3}.Release|Any CPU.Build.0 = Release|Any CPU
	EndGlobalSection
	GlobalSection(SolutionProperties) = preSolution
		HideSolutionNode = FALSE
	EndGlobalSection
EndGlobal
